// !$*UTF8*$!
{
	archiveVersion = 1;
	classes = {
	};
	objectVersion = 55;
	objects = {

/* Begin PBXBuildFile section */
		9C22595C280EB236006EDB93 /* Tests_iOS.swift in Sources */ = {isa = PBXBuildFile; fileRef = 9C22595B280EB236006EDB93 /* Tests_iOS.swift */; };
		9C22595E280EB236006EDB93 /* Tests_iOSLaunchTests.swift in Sources */ = {isa = PBXBuildFile; fileRef = 9C22595D280EB236006EDB93 /* Tests_iOSLaunchTests.swift */; };
		9C225968280EB236006EDB93 /* Tests_macOS.swift in Sources */ = {isa = PBXBuildFile; fileRef = 9C225967280EB236006EDB93 /* Tests_macOS.swift */; };
		9C22596A280EB236006EDB93 /* Tests_macOSLaunchTests.swift in Sources */ = {isa = PBXBuildFile; fileRef = 9C225969280EB236006EDB93 /* Tests_macOSLaunchTests.swift */; };
		9C22596B280EB236006EDB93 /* CalculatorApp.swift in Sources */ = {isa = PBXBuildFile; fileRef = 9C225943280EB235006EDB93 /* CalculatorApp.swift */; };
		9C22596C280EB236006EDB93 /* CalculatorApp.swift in Sources */ = {isa = PBXBuildFile; fileRef = 9C225943280EB235006EDB93 /* CalculatorApp.swift */; };
		9C22596D280EB236006EDB93 /* ContentView.swift in Sources */ = {isa = PBXBuildFile; fileRef = 9C225944280EB235006EDB93 /* ContentView.swift */; };
		9C22596E280EB236006EDB93 /* ContentView.swift in Sources */ = {isa = PBXBuildFile; fileRef = 9C225944280EB235006EDB93 /* ContentView.swift */; };
		9C22596F280EB236006EDB93 /* Assets.xcassets in Resources */ = {isa = PBXBuildFile; fileRef = 9C225945280EB236006EDB93 /* Assets.xcassets */; };
		9C225970280EB236006EDB93 /* Assets.xcassets in Resources */ = {isa = PBXBuildFile; fileRef = 9C225945280EB236006EDB93 /* Assets.xcassets */; };
		9C8980C62812BE6C003867A5 /* Calculator.swift in Sources */ = {isa = PBXBuildFile; fileRef = 9C8980C52812BE6C003867A5 /* Calculator.swift */; };
		9C8980C72812BE6C003867A5 /* Calculator.swift in Sources */ = {isa = PBXBuildFile; fileRef = 9C8980C52812BE6C003867A5 /* Calculator.swift */; };
/* End PBXBuildFile section */

/* Begin PBXContainerItemProxy section */
		9C225958280EB236006EDB93 /* PBXContainerItemProxy */ = {
			isa = PBXContainerItemProxy;
			containerPortal = 9C22593E280EB235006EDB93 /* Project object */;
			proxyType = 1;
			remoteGlobalIDString = 9C225949280EB236006EDB93;
			remoteInfo = "Calculator (iOS)";
		};
		9C225964280EB236006EDB93 /* PBXContainerItemProxy */ = {
			isa = PBXContainerItemProxy;
			containerPortal = 9C22593E280EB235006EDB93 /* Project object */;
			proxyType = 1;
			remoteGlobalIDString = 9C22594F280EB236006EDB93;
			remoteInfo = "Calculator (macOS)";
		};
/* End PBXContainerItemProxy section */

/* Begin PBXFileReference section */
		9C225943280EB235006EDB93 /* CalculatorApp.swift */ = {isa = PBXFileReference; lastKnownFileType = sourcecode.swift; path = CalculatorApp.swift; sourceTree = "<group>"; };
		9C225944280EB235006EDB93 /* ContentView.swift */ = {isa = PBXFileReference; lastKnownFileType = sourcecode.swift; path = ContentView.swift; sourceTree = "<group>"; };
		9C225945280EB236006EDB93 /* Assets.xcassets */ = {isa = PBXFileReference; lastKnownFileType = folder.assetcatalog; path = Assets.xcassets; sourceTree = "<group>"; };
		9C22594A280EB236006EDB93 /* Calculator.app */ = {isa = PBXFileReference; explicitFileType = wrapper.application; includeInIndex = 0; path = Calculator.app; sourceTree = BUILT_PRODUCTS_DIR; };
		9C225950280EB236006EDB93 /* Calculator.app */ = {isa = PBXFileReference; explicitFileType = wrapper.application; includeInIndex = 0; path = Calculator.app; sourceTree = BUILT_PRODUCTS_DIR; };
		9C225952280EB236006EDB93 /* macOS.entitlements */ = {isa = PBXFileReference; lastKnownFileType = text.plist.entitlements; path = macOS.entitlements; sourceTree = "<group>"; };
		9C225957280EB236006EDB93 /* Tests iOS.xctest */ = {isa = PBXFileReference; explicitFileType = wrapper.cfbundle; includeInIndex = 0; path = "Tests iOS.xctest"; sourceTree = BUILT_PRODUCTS_DIR; };
		9C22595B280EB236006EDB93 /* Tests_iOS.swift */ = {isa = PBXFileReference; lastKnownFileType = sourcecode.swift; path = Tests_iOS.swift; sourceTree = "<group>"; };
		9C22595D280EB236006EDB93 /* Tests_iOSLaunchTests.swift */ = {isa = PBXFileReference; lastKnownFileType = sourcecode.swift; path = Tests_iOSLaunchTests.swift; sourceTree = "<group>"; };
		9C225963280EB236006EDB93 /* Tests macOS.xctest */ = {isa = PBXFileReference; explicitFileType = wrapper.cfbundle; includeInIndex = 0; path = "Tests macOS.xctest"; sourceTree = BUILT_PRODUCTS_DIR; };
		9C225967280EB236006EDB93 /* Tests_macOS.swift */ = {isa = PBXFileReference; lastKnownFileType = sourcecode.swift; path = Tests_macOS.swift; sourceTree = "<group>"; };
		9C225969280EB236006EDB93 /* Tests_macOSLaunchTests.swift */ = {isa = PBXFileReference; lastKnownFileType = sourcecode.swift; path = Tests_macOSLaunchTests.swift; sourceTree = "<group>"; };
		9C8980C52812BE6C003867A5 /* Calculator.swift */ = {isa = PBXFileReference; lastKnownFileType = sourcecode.swift; path = Calculator.swift; sourceTree = "<group>"; };
/* End PBXFileReference section */

/* Begin PBXFrameworksBuildPhase section */
		9C225947280EB236006EDB93 /* Frameworks */ = {
			isa = PBXFrameworksBuildPhase;
			buildActionMask = 2147483647;
			files = (
			);
			runOnlyForDeploymentPostprocessing = 0;
		};
		9C22594D280EB236006EDB93 /* Frameworks */ = {
			isa = PBXFrameworksBuildPhase;
			buildActionMask = 2147483647;
			files = (
			);
			runOnlyForDeploymentPostprocessing = 0;
		};
		9C225954280EB236006EDB93 /* Frameworks */ = {
			isa = PBXFrameworksBuildPhase;
			buildActionMask = 2147483647;
			files = (
			);
			runOnlyForDeploymentPostprocessing = 0;
		};
		9C225960280EB236006EDB93 /* Frameworks */ = {
			isa = PBXFrameworksBuildPhase;
			buildActionMask = 2147483647;
			files = (
			);
			runOnlyForDeploymentPostprocessing = 0;
		};
/* End PBXFrameworksBuildPhase section */

/* Begin PBXGroup section */
		9C22593D280EB235006EDB93 = {
			isa = PBXGroup;
			children = (
				9C225942280EB235006EDB93 /* Shared */,
				9C225951280EB236006EDB93 /* macOS */,
				9C22595A280EB236006EDB93 /* Tests iOS */,
				9C225966280EB236006EDB93 /* Tests macOS */,
				9C22594B280EB236006EDB93 /* Products */,
			);
			sourceTree = "<group>";
		};
		9C225942280EB235006EDB93 /* Shared */ = {
			isa = PBXGroup;
			children = (
				9C225943280EB235006EDB93 /* CalculatorApp.swift */,
				9C225944280EB235006EDB93 /* ContentView.swift */,
				9C8980C52812BE6C003867A5 /* Calculator.swift */,
				9C225945280EB236006EDB93 /* Assets.xcassets */,
			);
			path = Shared;
			sourceTree = "<group>";
		};
		9C22594B280EB236006EDB93 /* Products */ = {
			isa = PBXGroup;
			children = (
				9C22594A280EB236006EDB93 /* Calculator.app */,
				9C225950280EB236006EDB93 /* Calculator.app */,
				9C225957280EB236006EDB93 /* Tests iOS.xctest */,
				9C225963280EB236006EDB93 /* Tests macOS.xctest */,
			);
			name = Products;
			sourceTree = "<group>";
		};
		9C225951280EB236006EDB93 /* macOS */ = {
			isa = PBXGroup;
			children = (
				9C225952280EB236006EDB93 /* macOS.entitlements */,
			);
			path = macOS;
			sourceTree = "<group>";
		};
		9C22595A280EB236006EDB93 /* Tests iOS */ = {
			isa = PBXGroup;
			children = (
				9C22595B280EB236006EDB93 /* Tests_iOS.swift */,
				9C22595D280EB236006EDB93 /* Tests_iOSLaunchTests.swift */,
			);
			path = "Tests iOS";
			sourceTree = "<group>";
		};
		9C225966280EB236006EDB93 /* Tests macOS */ = {
			isa = PBXGroup;
			children = (
				9C225967280EB236006EDB93 /* Tests_macOS.swift */,
				9C225969280EB236006EDB93 /* Tests_macOSLaunchTests.swift */,
			);
			path = "Tests macOS";
			sourceTree = "<group>";
		};
/* End PBXGroup section */

/* Begin PBXNativeTarget section */
		9C225949280EB236006EDB93 /* Calculator (iOS) */ = {
			isa = PBXNativeTarget;
			buildConfigurationList = 9C225973280EB236006EDB93 /* Build configuration list for PBXNativeTarget "Calculator (iOS)" */;
			buildPhases = (
				9C225946280EB236006EDB93 /* Sources */,
				9C225947280EB236006EDB93 /* Frameworks */,
				9C225948280EB236006EDB93 /* Resources */,
			);
			buildRules = (
			);
			dependencies = (
			);
			name = "Calculator (iOS)";
			productName = "Calculator (iOS)";
			productReference = 9C22594A280EB236006EDB93 /* Calculator.app */;
			productType = "com.apple.product-type.application";
		};
		9C22594F280EB236006EDB93 /* Calculator (macOS) */ = {
			isa = PBXNativeTarget;
			buildConfigurationList = 9C225976280EB236006EDB93 /* Build configuration list for PBXNativeTarget "Calculator (macOS)" */;
			buildPhases = (
				9C22594C280EB236006EDB93 /* Sources */,
				9C22594D280EB236006EDB93 /* Frameworks */,
				9C22594E280EB236006EDB93 /* Resources */,
			);
			buildRules = (
			);
			dependencies = (
			);
			name = "Calculator (macOS)";
			productName = "Calculator (macOS)";
			productReference = 9C225950280EB236006EDB93 /* Calculator.app */;
			productType = "com.apple.product-type.application";
		};
		9C225956280EB236006EDB93 /* Tests iOS */ = {
			isa = PBXNativeTarget;
			buildConfigurationList = 9C225979280EB236006EDB93 /* Build configuration list for PBXNativeTarget "Tests iOS" */;
			buildPhases = (
				9C225953280EB236006EDB93 /* Sources */,
				9C225954280EB236006EDB93 /* Frameworks */,
				9C225955280EB236006EDB93 /* Resources */,
			);
			buildRules = (
			);
			dependencies = (
				9C225959280EB236006EDB93 /* PBXTargetDependency */,
			);
			name = "Tests iOS";
			productName = "Tests iOS";
			productReference = 9C225957280EB236006EDB93 /* Tests iOS.xctest */;
			productType = "com.apple.product-type.bundle.ui-testing";
		};
		9C225962280EB236006EDB93 /* Tests macOS */ = {
			isa = PBXNativeTarget;
			buildConfigurationList = 9C22597C280EB236006EDB93 /* Build configuration list for PBXNativeTarget "Tests macOS" */;
			buildPhases = (
				9C22595F280EB236006EDB93 /* Sources */,
				9C225960280EB236006EDB93 /* Frameworks */,
				9C225961280EB236006EDB93 /* Resources */,
			);
			buildRules = (
			);
			dependencies = (
				9C225965280EB236006EDB93 /* PBXTargetDependency */,
			);
			name = "Tests macOS";
			productName = "Tests macOS";
			productReference = 9C225963280EB236006EDB93 /* Tests macOS.xctest */;
			productType = "com.apple.product-type.bundle.ui-testing";
		};
/* End PBXNativeTarget section */

/* Begin PBXProject section */
		9C22593E280EB235006EDB93 /* Project object */ = {
			isa = PBXProject;
			attributes = {
				BuildIndependentTargetsInParallel = 1;
				LastSwiftUpdateCheck = 1330;
				LastUpgradeCheck = 1330;
				TargetAttributes = {
					9C225949280EB236006EDB93 = {
						CreatedOnToolsVersion = 13.3;
					};
					9C22594F280EB236006EDB93 = {
						CreatedOnToolsVersion = 13.3;
					};
					9C225956280EB236006EDB93 = {
						CreatedOnToolsVersion = 13.3;
						TestTargetID = 9C225949280EB236006EDB93;
					};
					9C225962280EB236006EDB93 = {
						CreatedOnToolsVersion = 13.3;
						TestTargetID = 9C22594F280EB236006EDB93;
					};
				};
			};
			buildConfigurationList = 9C225941280EB235006EDB93 /* Build configuration list for PBXProject "Calculator" */;
			compatibilityVersion = "Xcode 13.0";
			developmentRegion = en;
			hasScannedForEncodings = 0;
			knownRegions = (
				en,
				Base,
			);
			mainGroup = 9C22593D280EB235006EDB93;
			productRefGroup = 9C22594B280EB236006EDB93 /* Products */;
			projectDirPath = "";
			projectRoot = "";
			targets = (
				9C225949280EB236006EDB93 /* Calculator (iOS) */,
				9C22594F280EB236006EDB93 /* Calculator (macOS) */,
				9C225956280EB236006EDB93 /* Tests iOS */,
				9C225962280EB236006EDB93 /* Tests macOS */,
			);
		};
/* End PBXProject section */

/* Begin PBXResourcesBuildPhase section */
		9C225948280EB236006EDB93 /* Resources */ = {
			isa = PBXResourcesBuildPhase;
			buildActionMask = 2147483647;
			files = (
				9C22596F280EB236006EDB93 /* Assets.xcassets in Resources */,
			);
			runOnlyForDeploymentPostprocessing = 0;
		};
		9C22594E280EB236006EDB93 /* Resources */ = {
			isa = PBXResourcesBuildPhase;
			buildActionMask = 2147483647;
			files = (
				9C225970280EB236006EDB93 /* Assets.xcassets in Resources */,
			);
			runOnlyForDeploymentPostprocessing = 0;
		};
		9C225955280EB236006EDB93 /* Resources */ = {
			isa = PBXResourcesBuildPhase;
			buildActionMask = 2147483647;
			files = (
			);
			runOnlyForDeploymentPostprocessing = 0;
		};
		9C225961280EB236006EDB93 /* Resources */ = {
			isa = PBXResourcesBuildPhase;
			buildActionMask = 2147483647;
			files = (
			);
			runOnlyForDeploymentPostprocessing = 0;
		};
/* End PBXResourcesBuildPhase section */

/* Begin PBXSourcesBuildPhase section */
		9C225946280EB236006EDB93 /* Sources */ = {
			isa = PBXSourcesBuildPhase;
			buildActionMask = 2147483647;
			files = (
				9C22596D280EB236006EDB93 /* ContentView.swift in Sources */,
				9C22596B280EB236006EDB93 /* CalculatorApp.swift in Sources */,
				9C8980C62812BE6C003867A5 /* Calculator.swift in Sources */,
			);
			runOnlyForDeploymentPostprocessing = 0;
		};
		9C22594C280EB236006EDB93 /* Sources */ = {
			isa = PBXSourcesBuildPhase;
			buildActionMask = 2147483647;
			files = (
				9C22596E280EB236006EDB93 /* ContentView.swift in Sources */,
				9C22596C280EB236006EDB93 /* CalculatorApp.swift in Sources */,
				9C8980C72812BE6C003867A5 /* Calculator.swift in Sources */,
			);
			runOnlyForDeploymentPostprocessing = 0;
		};
		9C225953280EB236006EDB93 /* Sources */ = {
			isa = PBXSourcesBuildPhase;
			buildActionMask = 2147483647;
			files = (
				9C22595E280EB236006EDB93 /* Tests_iOSLaunchTests.swift in Sources */,
				9C22595C280EB236006EDB93 /* Tests_iOS.swift in Sources */,
			);
			runOnlyForDeploymentPostprocessing = 0;
		};
		9C22595F280EB236006EDB93 /* Sources */ = {
			isa = PBXSourcesBuildPhase;
			buildActionMask = 2147483647;
			files = (
				9C22596A280EB236006EDB93 /* Tests_macOSLaunchTests.swift in Sources */,
				9C225968280EB236006EDB93 /* Tests_macOS.swift in Sources */,
			);
			runOnlyForDeploymentPostprocessing = 0;
		};
/* End PBXSourcesBuildPhase section */

/* Begin PBXTargetDependency section */
		9C225959280EB236006EDB93 /* PBXTargetDependency */ = {
			isa = PBXTargetDependency;
			target = 9C225949280EB236006EDB93 /* Calculator (iOS) */;
			targetProxy = 9C225958280EB236006EDB93 /* PBXContainerItemProxy */;
		};
		9C225965280EB236006EDB93 /* PBXTargetDependency */ = {
			isa = PBXTargetDependency;
			target = 9C22594F280EB236006EDB93 /* Calculator (macOS) */;
			targetProxy = 9C225964280EB236006EDB93 /* PBXContainerItemProxy */;
		};
/* End PBXTargetDependency section */

/* Begin XCBuildConfiguration section */
		9C225971280EB236006EDB93 /* Debug */ = {
			isa = XCBuildConfiguration;
			buildSettings = {
				ALWAYS_SEARCH_USER_PATHS = NO;
				CLANG_ANALYZER_NONNULL = YES;
				CLANG_ANALYZER_NUMBER_OBJECT_CONVERSION = YES_AGGRESSIVE;
				CLANG_CXX_LANGUAGE_STANDARD = "gnu++17";
				CLANG_ENABLE_MODULES = YES;
				CLANG_ENABLE_OBJC_ARC = YES;
				CLANG_ENABLE_OBJC_WEAK = YES;
				CLANG_WARN_BLOCK_CAPTURE_AUTORELEASING = YES;
				CLANG_WARN_BOOL_CONVERSION = YES;
				CLANG_WARN_COMMA = YES;
				CLANG_WARN_CONSTANT_CONVERSION = YES;
				CLANG_WARN_DEPRECATED_OBJC_IMPLEMENTATIONS = YES;
				CLANG_WARN_DIRECT_OBJC_ISA_USAGE = YES_ERROR;
				CLANG_WARN_DOCUMENTATION_COMMENTS = YES;
				CLANG_WARN_EMPTY_BODY = YES;
				CLANG_WARN_ENUM_CONVERSION = YES;
				CLANG_WARN_INFINITE_RECURSION = YES;
				CLANG_WARN_INT_CONVERSION = YES;
				CLANG_WARN_NON_LITERAL_NULL_CONVERSION = YES;
				CLANG_WARN_OBJC_IMPLICIT_RETAIN_SELF = YES;
				CLANG_WARN_OBJC_LITERAL_CONVERSION = YES;
				CLANG_WARN_OBJC_ROOT_CLASS = YES_ERROR;
				CLANG_WARN_QUOTED_INCLUDE_IN_FRAMEWORK_HEADER = YES;
				CLANG_WARN_RANGE_LOOP_ANALYSIS = YES;
				CLANG_WARN_STRICT_PROTOTYPES = YES;
				CLANG_WARN_SUSPICIOUS_MOVE = YES;
				CLANG_WARN_UNGUARDED_AVAILABILITY = YES_AGGRESSIVE;
				CLANG_WARN_UNREACHABLE_CODE = YES;
				CLANG_WARN__DUPLICATE_METHOD_MATCH = YES;
				COPY_PHASE_STRIP = NO;
				DEBUG_INFORMATION_FORMAT = dwarf;
				ENABLE_STRICT_OBJC_MSGSEND = YES;
				ENABLE_TESTABILITY = YES;
				GCC_C_LANGUAGE_STANDARD = gnu11;
				GCC_DYNAMIC_NO_PIC = NO;
				GCC_NO_COMMON_BLOCKS = YES;
				GCC_OPTIMIZATION_LEVEL = 0;
				GCC_PREPROCESSOR_DEFINITIONS = (
					"DEBUG=1",
					"$(inherited)",
				);
				GCC_WARN_64_TO_32_BIT_CONVERSION = YES;
				GCC_WARN_ABOUT_RETURN_TYPE = YES_ERROR;
				GCC_WARN_UNDECLARED_SELECTOR = YES;
				GCC_WARN_UNINITIALIZED_AUTOS = YES_AGGRESSIVE;
				GCC_WARN_UNUSED_FUNCTION = YES;
				GCC_WARN_UNUSED_VARIABLE = YES;
				MTL_ENABLE_DEBUG_INFO = INCLUDE_SOURCE;
				MTL_FAST_MATH = YES;
				ONLY_ACTIVE_ARCH = YES;
				SWIFT_ACTIVE_COMPILATION_CONDITIONS = DEBUG;
				SWIFT_OPTIMIZATION_LEVEL = "-Onone";
			};
			name = Debug;
		};
		9C225972280EB236006EDB93 /* Release */ = {
			isa = XCBuildConfiguration;
			buildSettings = {
				ALWAYS_SEARCH_USER_PATHS = NO;
				CLANG_ANALYZER_NONNULL = YES;
				CLANG_ANALYZER_NUMBER_OBJECT_CONVERSION = YES_AGGRESSIVE;
				CLANG_CXX_LANGUAGE_STANDARD = "gnu++17";
				CLANG_ENABLE_MODULES = YES;
				CLANG_ENABLE_OBJC_ARC = YES;
				CLANG_ENABLE_OBJC_WEAK = YES;
				CLANG_WARN_BLOCK_CAPTURE_AUTORELEASING = YES;
				CLANG_WARN_BOOL_CONVERSION = YES;
				CLANG_WARN_COMMA = YES;
				CLANG_WARN_CONSTANT_CONVERSION = YES;
				CLANG_WARN_DEPRECATED_OBJC_IMPLEMENTATIONS = YES;
				CLANG_WARN_DIRECT_OBJC_ISA_USAGE = YES_ERROR;
				CLANG_WARN_DOCUMENTATION_COMMENTS = YES;
				CLANG_WARN_EMPTY_BODY = YES;
				CLANG_WARN_ENUM_CONVERSION = YES;
				CLANG_WARN_INFINITE_RECURSION = YES;
				CLANG_WARN_INT_CONVERSION = YES;
				CLANG_WARN_NON_LITERAL_NULL_CONVERSION = YES;
				CLANG_WARN_OBJC_IMPLICIT_RETAIN_SELF = YES;
				CLANG_WARN_OBJC_LITERAL_CONVERSION = YES;
				CLANG_WARN_OBJC_ROOT_CLASS = YES_ERROR;
				CLANG_WARN_QUOTED_INCLUDE_IN_FRAMEWORK_HEADER = YES;
				CLANG_WARN_RANGE_LOOP_ANALYSIS = YES;
				CLANG_WARN_STRICT_PROTOTYPES = YES;
				CLANG_WARN_SUSPICIOUS_MOVE = YES;
				CLANG_WARN_UNGUARDED_AVAILABILITY = YES_AGGRESSIVE;
				CLANG_WARN_UNREACHABLE_CODE = YES;
				CLANG_WARN__DUPLICATE_METHOD_MATCH = YES;
				COPY_PHASE_STRIP = NO;
				DEBUG_INFORMATION_FORMAT = "dwarf-with-dsym";
				ENABLE_NS_ASSERTIONS = NO;
				ENABLE_STRICT_OBJC_MSGSEND = YES;
				GCC_C_LANGUAGE_STANDARD = gnu11;
				GCC_NO_COMMON_BLOCKS = YES;
				GCC_WARN_64_TO_32_BIT_CONVERSION = YES;
				GCC_WARN_ABOUT_RETURN_TYPE = YES_ERROR;
				GCC_WARN_UNDECLARED_SELECTOR = YES;
				GCC_WARN_UNINITIALIZED_AUTOS = YES_AGGRESSIVE;
				GCC_WARN_UNUSED_FUNCTION = YES;
				GCC_WARN_UNUSED_VARIABLE = YES;
				MTL_ENABLE_DEBUG_INFO = NO;
				MTL_FAST_MATH = YES;
				SWIFT_COMPILATION_MODE = wholemodule;
				SWIFT_OPTIMIZATION_LEVEL = "-O";
			};
			name = Release;
		};
		9C225974280EB236006EDB93 /* Debug */ = {
			isa = XCBuildConfiguration;
			buildSettings = {
				ASSETCATALOG_COMPILER_APPICON_NAME = AppIcon;
				ASSETCATALOG_COMPILER_GLOBAL_ACCENT_COLOR_NAME = AccentColor;
				CODE_SIGN_STYLE = Automatic;
				CURRENT_PROJECT_VERSION = 1;
				DEVELOPMENT_TEAM = CW5JULB562;
				ENABLE_PREVIEWS = YES;
				GENERATE_INFOPLIST_FILE = YES;
				INFOPLIST_KEY_UIApplicationSceneManifest_Generation = YES;
				INFOPLIST_KEY_UIApplicationSupportsIndirectInputEvents = YES;
				INFOPLIST_KEY_UILaunchScreen_Generation = YES;
				INFOPLIST_KEY_UISupportedInterfaceOrientations_iPad = "UIInterfaceOrientationPortrait UIInterfaceOrientationPortraitUpsideDown UIInterfaceOrientationLandscapeLeft UIInterfaceOrientationLandscapeRight";
				INFOPLIST_KEY_UISupportedInterfaceOrientations_iPhone = "UIInterfaceOrientationPortrait UIInterfaceOrientationLandscapeLeft UIInterfaceOrientationLandscapeRight";
				IPHONEOS_DEPLOYMENT_TARGET = 15.4;
				LD_RUNPATH_SEARCH_PATHS = (
					"$(inherited)",
					"@executable_path/Frameworks",
				);
				MARKETING_VERSION = 1.0;
				PRODUCT_BUNDLE_IDENTIFIER = com.Sarah.Calculator;
				PRODUCT_NAME = Calculator;
				SDKROOT = iphoneos;
				SWIFT_EMIT_LOC_STRINGS = YES;
				SWIFT_VERSION = 5.0;
				TARGETED_DEVICE_FAMILY = "1,2";
			};
			name = Debug;
		};
		9C225975280EB236006EDB93 /* Release */ = {
			isa = XCBuildConfiguration;
			buildSettings = {
				ASSETCATALOG_COMPILER_APPICON_NAME = AppIcon;
				ASSETCATALOG_COMPILER_GLOBAL_ACCENT_COLOR_NAME = AccentColor;
				CODE_SIGN_STYLE = Automatic;
				CURRENT_PROJECT_VERSION = 1;
				DEVELOPMENT_TEAM = CW5JULB562;
				ENABLE_PREVIEWS = YES;
				GENERATE_INFOPLIST_FILE = YES;
				INFOPLIST_KEY_UIApplicationSceneManifest_Generation = YES;
				INFOPLIST_KEY_UIApplicationSupportsIndirectInputEvents = YES;
				INFOPLIST_KEY_UILaunchScreen_Generation = YES;
				INFOPLIST_KEY_UISupportedInterfaceOrientations_iPad = "UIInterfaceOrientationPortrait UIInterfaceOrientationPortraitUpsideDown UIInterfaceOrientationLandscapeLeft UIInterfaceOrientationLandscapeRight";
				INFOPLIST_KEY_UISupportedInterfaceOrientations_iPhone = "UIInterfaceOrientationPortrait UIInterfaceOrientationLandscapeLeft UIInterfaceOrientationLandscapeRight";
				IPHONEOS_DEPLOYMENT_TARGET = 15.4;
				LD_RUNPATH_SEARCH_PATHS = (
					"$(inherited)",
					"@executable_path/Frameworks",
				);
				MARKETING_VERSION = 1.0;
				PRODUCT_BUNDLE_IDENTIFIER = com.Sarah.Calculator;
				PRODUCT_NAME = Calculator;
				SDKROOT = iphoneos;
				SWIFT_EMIT_LOC_STRINGS = YES;
				SWIFT_VERSION = 5.0;
				TARGETED_DEVICE_FAMILY = "1,2";
				VALIDATE_PRODUCT = YES;
			};
			name = Release;
		};
		9C225977280EB236006EDB93 /* Debug */ = {
			isa = XCBuildConfiguration;
			buildSettings = {
				ASSETCATALOG_COMPILER_APPICON_NAME = AppIcon;
				ASSETCATALOG_COMPILER_GLOBAL_ACCENT_COLOR_NAME = AccentColor;
				CODE_SIGN_ENTITLEMENTS = macOS/macOS.entitlements;
				CODE_SIGN_STYLE = Automatic;
				COMBINE_HIDPI_IMAGES = YES;
				CURRENT_PROJECT_VERSION = 1;
				DEVELOPMENT_TEAM = CW5JULB562;
				ENABLE_HARDENED_RUNTIME = YES;
				ENABLE_PREVIEWS = YES;
				GENERATE_INFOPLIST_FILE = YES;
				INFOPLIST_KEY_NSHumanReadableCopyright = "";
				LD_RUNPATH_SEARCH_PATHS = (
					"$(inherited)",
					"@executable_path/../Frameworks",
				);
				MACOSX_DEPLOYMENT_TARGET = 12.3;
				MARKETING_VERSION = 1.0;
				PRODUCT_BUNDLE_IDENTIFIER = com.Sarah.Calculator;
				PRODUCT_NAME = Calculator;
				SDKROOT = macosx;
				SWIFT_EMIT_LOC_STRINGS = YES;
				SWIFT_VERSION = 5.0;
			};
			name = Debug;
		};
		9C225978280EB236006EDB93 /* Release */ = {
			isa = XCBuildConfiguration;
			buildSettings = {
				ASSETCATALOG_COMPILER_APPICON_NAME = AppIcon;
				ASSETCATALOG_COMPILER_GLOBAL_ACCENT_COLOR_NAME = AccentColor;
				CODE_SIGN_ENTITLEMENTS = macOS/macOS.entitlements;
				CODE_SIGN_STYLE = Automatic;
				COMBINE_HIDPI_IMAGES = YES;
				CURRENT_PROJECT_VERSION = 1;
				DEVELOPMENT_TEAM = CW5JULB562;
				ENABLE_HARDENED_RUNTIME = YES;
				ENABLE_PREVIEWS = YES;
				GENERATE_INFOPLIST_FILE = YES;
				INFOPLIST_KEY_NSHumanReadableCopyright = "";
				LD_RUNPATH_SEARCH_PATHS = (
					"$(inherited)",
					"@executable_path/../Frameworks",
				);
				MACOSX_DEPLOYMENT_TARGET = 12.3;
				MARKETING_VERSION = 1.0;
				PRODUCT_BUNDLE_IDENTIFIER = com.Sarah.Calculator;
				PRODUCT_NAME = Calculator;
				SDKROOT = macosx;
				SWIFT_EMIT_LOC_STRINGS = YES;
				SWIFT_VERSION = 5.0;
			};
			name = Release;
		};
		9C22597A280EB236006EDB93 /* Debug */ = {
			isa = XCBuildConfiguration;
			buildSettings = {
				ALWAYS_EMBED_SWIFT_STANDARD_LIBRARIES = YES;
				CODE_SIGN_STYLE = Automatic;
				CURRENT_PROJECT_VERSION = 1;
				DEVELOPMENT_TEAM = CW5JULB562;
				GENERATE_INFOPLIST_FILE = YES;
				IPHONEOS_DEPLOYMENT_TARGET = 15.4;
				MARKETING_VERSION = 1.0;
				PRODUCT_BUNDLE_IDENTIFIER = "com.Sarah.Tests-iOS";
				PRODUCT_NAME = "$(TARGET_NAME)";
				SDKROOT = iphoneos;
				SWIFT_EMIT_LOC_STRINGS = NO;
				SWIFT_VERSION = 5.0;
				TARGETED_DEVICE_FAMILY = "1,2";
				TEST_TARGET_NAME = "Calculator (iOS)";
			};
			name = Debug;
		};
		9C22597B280EB236006EDB93 /* Release */ = {
			isa = XCBuildConfiguration;
			buildSettings = {
				ALWAYS_EMBED_SWIFT_STANDARD_LIBRARIES = YES;
				CODE_SIGN_STYLE = Automatic;
				CURRENT_PROJECT_VERSION = 1;
				DEVELOPMENT_TEAM = CW5JULB562;
				GENERATE_INFOPLIST_FILE = YES;
				IPHONEOS_DEPLOYMENT_TARGET = 15.4;
				MARKETING_VERSION = 1.0;
				PRODUCT_BUNDLE_IDENTIFIER = "com.Sarah.Tests-iOS";
				PRODUCT_NAME = "$(TARGET_NAME)";
				SDKROOT = iphoneos;
				SWIFT_EMIT_LOC_STRINGS = NO;
				SWIFT_VERSION = 5.0;
				TARGETED_DEVICE_FAMILY = "1,2";
				TEST_TARGET_NAME = "Calculator (iOS)";
				VALIDATE_PRODUCT = YES;
			};
			name = Release;
		};
		9C22597D280EB236006EDB93 /* Debug */ = {
			isa = XCBuildConfiguration;
			buildSettings = {
				ALWAYS_EMBED_SWIFT_STANDARD_LIBRARIES = YES;
				CODE_SIGN_STYLE = Automatic;
				CURRENT_PROJECT_VERSION = 1;
				DEVELOPMENT_TEAM = CW5JULB562;
				GENERATE_INFOPLIST_FILE = YES;
				MACOSX_DEPLOYMENT_TARGET = 12.3;
				MARKETING_VERSION = 1.0;
				PRODUCT_BUNDLE_IDENTIFIER = "com.Sarah.Tests-macOS";
				PRODUCT_NAME = "$(TARGET_NAME)";
				SDKROOT = macosx;
				SWIFT_EMIT_LOC_STRINGS = NO;
				SWIFT_VERSION = 5.0;
				TEST_TARGET_NAME = "Calculator (macOS)";
			};
			name = Debug;
		};
		9C22597E280EB236006EDB93 /* Release */ = {
			isa = XCBuildConfiguration;
			buildSettings = {
				ALWAYS_EMBED_SWIFT_STANDARD_LIBRARIES = YES;
				CODE_SIGN_STYLE = Automatic;
				CURRENT_PROJECT_VERSION = 1;
				DEVELOPMENT_TEAM = CW5JULB562;
				GENERATE_INFOPLIST_FILE = YES;
				MACOSX_DEPLOYMENT_TARGET = 12.3;
				MARKETING_VERSION = 1.0;
				PRODUCT_BUNDLE_IDENTIFIER = "com.Sarah.Tests-macOS";
				PRODUCT_NAME = "$(TARGET_NAME)";
				SDKROOT = macosx;
				SWIFT_EMIT_LOC_STRINGS = NO;
				SWIFT_VERSION = 5.0;
				TEST_TARGET_NAME = "Calculator (macOS)";
			};
			name = Release;
		};
/* End XCBuildConfiguration section */

/* Begin XCConfigurationList section */
		9C225941280EB235006EDB93 /* Build configuration list for PBXProject "Calculator" */ = {
			isa = XCConfigurationList;
			buildConfigurations = (
				9C225971280EB236006EDB93 /* Debug */,
				9C225972280EB236006EDB93 /* Release */,
			);
			defaultConfigurationIsVisible = 0;
			defaultConfigurationName = Release;
		};
		9C225973280EB236006EDB93 /* Build configuration list for PBXNativeTarget "Calculator (iOS)" */ = {
			isa = XCConfigurationList;
			buildConfigurations = (
				9C225974280EB236006EDB93 /* Debug */,
				9C225975280EB236006EDB93 /* Release */,
			);
			defaultConfigurationIsVisible = 0;
			defaultConfigurationName = Release;
		};
		9C225976280EB236006EDB93 /* Build configuration list for PBXNativeTarget "Calculator (macOS)" */ = {
			isa = XCConfigurationList;
			buildConfigurations = (
				9C225977280EB236006EDB93 /* Debug */,
				9C225978280EB236006EDB93 /* Release */,
			);
			defaultConfigurationIsVisible = 0;
			defaultConfigurationName = Release;
		};
		9C225979280EB236006EDB93 /* Build configuration list for PBXNativeTarget "Tests iOS" */ = {
			isa = XCConfigurationList;
			buildConfigurations = (
				9C22597A280EB236006EDB93 /* Debug */,
				9C22597B280EB236006EDB93 /* Release */,
			);
			defaultConfigurationIsVisible = 0;
			defaultConfigurationName = Release;
		};
		9C22597C280EB236006EDB93 /* Build configuration list for PBXNativeTarget "Tests macOS" */ = {
			isa = XCConfigurationList;
			buildConfigurations = (
				9C22597D280EB236006EDB93 /* Debug */,
				9C22597E280EB236006EDB93 /* Release */,
			);
			defaultConfigurationIsVisible = 0;
			defaultConfigurationName = Release;
		};
/* End XCConfigurationList section */
	};
	rootObject = 9C22593E280EB235006EDB93 /* Project object */;
}
